
Microsoft Visual Studio Solution File, Format Version 12.00
# Visual Studio Version 16
VisualStudioVersion = 16.6.30114.105
MinimumVisualStudioVersion = 10.0.40219.1
Project("{FAE04EC0-301F-11D3-BF4B-00C04F79EFBC}") = "RedisEventSourcing.Application", "RedisEventSourcing.Application\RedisEventSourcing.Application.csproj", "{7C920189-2C7C-4895-A3CD-C3B5842241E1}"
EndProject
Project("{FAE04EC0-301F-11D3-BF4B-00C04F79EFBC}") = "RedisEventSourcing.Contracts", "RedisEventSourcing.Contracts\RedisEventSourcing.Contracts.csproj", "{DC6BD1A4-80A2-480C-A00C-68BC835AC05C}"
EndProject
Project("{FAE04EC0-301F-11D3-BF4B-00C04F79EFBC}") = "RedisEventSourcing.Domain", "RedisEventSourcing.Domain\RedisEventSourcing.Domain.csproj", "{16DD61AB-2A73-44D5-B25D-4146A7C9F943}"
EndProject
Project("{FAE04EC0-301F-11D3-BF4B-00C04F79EFBC}") = "RedisEventSourcing.Events", "RedisEventSourcing.Events\RedisEventSourcing.Events.csproj", "{59AD7947-6F8E-457F-B3F7-8B85C616CE77}"
EndProject
Project("{FAE04EC0-301F-11D3-BF4B-00C04F79EFBC}") = "RedisEventSourcing.Infra", "RedisEventSourcing.Infra\RedisEventSourcing.Infra.csproj", "{CBAFD798-CB99-4860-8096-04F4DD02091D}"
EndProject
Global
	GlobalSection(SolutionConfigurationPlatforms) = preSolution
		Debug|Any CPU = Debug|Any CPU
		Debug|x64 = Debug|x64
		Debug|x86 = Debug|x86
		Release|Any CPU = Release|Any CPU
		Release|x64 = Release|x64
		Release|x86 = Release|x86
	EndGlobalSection
	GlobalSection(SolutionProperties) = preSolution
		HideSolutionNode = FALSE
	EndGlobalSection
	GlobalSection(ProjectConfigurationPlatforms) = postSolution
		{7C920189-2C7C-4895-A3CD-C3B5842241E1}.Debug|Any CPU.ActiveCfg = Debug|Any CPU
		{7C920189-2C7C-4895-A3CD-C3B5842241E1}.Debug|Any CPU.Build.0 = Debug|Any CPU
		{7C920189-2C7C-4895-A3CD-C3B5842241E1}.Debug|x64.ActiveCfg = Debug|Any CPU
		{7C920189-2C7C-4895-A3CD-C3B5842241E1}.Debug|x64.Build.0 = Debug|Any CPU
		{7C920189-2C7C-4895-A3CD-C3B5842241E1}.Debug|x86.ActiveCfg = Debug|Any CPU
		{7C920189-2C7C-4895-A3CD-C3B5842241E1}.Debug|x86.Build.0 = Debug|Any CPU
		{7C920189-2C7C-4895-A3CD-C3B5842241E1}.Release|Any CPU.ActiveCfg = Release|Any CPU
		{7C920189-2C7C-4895-A3CD-C3B5842241E1}.Release|Any CPU.Build.0 = Release|Any CPU
		{7C920189-2C7C-4895-A3CD-C3B5842241E1}.Release|x64.ActiveCfg = Release|Any CPU
		{7C920189-2C7C-4895-A3CD-C3B5842241E1}.Release|x64.Build.0 = Release|Any CPU
		{7C920189-2C7C-4895-A3CD-C3B5842241E1}.Release|x86.ActiveCfg = Release|Any CPU
		{7C920189-2C7C-4895-A3CD-C3B5842241E1}.Release|x86.Build.0 = Release|Any CPU
		{DC6BD1A4-80A2-480C-A00C-68BC835AC05C}.Debug|Any CPU.ActiveCfg = Debug|Any CPU
		{DC6BD1A4-80A2-480C-A00C-68BC835AC05C}.Debug|Any CPU.Build.0 = Debug|Any CPU
		{DC6BD1A4-80A2-480C-A00C-68BC835AC05C}.Debug|x64.ActiveCfg = Debug|Any CPU
		{DC6BD1A4-80A2-480C-A00C-68BC835AC05C}.Debug|x64.Build.0 = Debug|Any CPU
		{DC6BD1A4-80A2-480C-A00C-68BC835AC05C}.Debug|x86.ActiveCfg = Debug|Any CPU
		{DC6BD1A4-80A2-480C-A00C-68BC835AC05C}.Debug|x86.Build.0 = Debug|Any CPU
		{DC6BD1A4-80A2-480C-A00C-68BC835AC05C}.Release|Any CPU.ActiveCfg = Release|Any CPU
		{DC6BD1A4-80A2-480C-A00C-68BC835AC05C}.Release|Any CPU.Build.0 = Release|Any CPU
		{DC6BD1A4-80A2-480C-A00C-68BC835AC05C}.Release|x64.ActiveCfg = Release|Any CPU
		{DC6BD1A4-80A2-480C-A00C-68BC835AC05C}.Release|x64.Build.0 = Release|Any CPU
		{DC6BD1A4-80A2-480C-A00C-68BC835AC05C}.Release|x86.ActiveCfg = Release|Any CPU
		{DC6BD1A4-80A2-480C-A00C-68BC835AC05C}.Release|x86.Build.0 = Release|Any CPU
		{59AD7947-6F8E-457F-B3F7-8B85C616CE77}.Debug|Any CPU.ActiveCfg = Debug|Any CPU
		{59AD7947-6F8E-457F-B3F7-8B85C616CE77}.Debug|Any CPU.Build.0 = Debug|Any CPU
		{59AD7947-6F8E-457F-B3F7-8B85C616CE77}.Debug|x64.ActiveCfg = Debug|Any CPU
		{59AD7947-6F8E-457F-B3F7-8B85C616CE77}.Debug|x64.Build.0 = Debug|Any CPU
		{59AD7947-6F8E-457F-B3F7-8B85C616CE77}.Debug|x86.ActiveCfg = Debug|Any CPU
		{59AD7947-6F8E-457F-B3F7-8B85C616CE77}.Debug|x86.Build.0 = Debug|Any CPU
		{59AD7947-6F8E-457F-B3F7-8B85C616CE77}.Release|Any CPU.ActiveCfg = Release|Any CPU
		{59AD7947-6F8E-457F-B3F7-8B85C616CE77}.Release|Any CPU.Build.0 = Release|Any CPU
		{59AD7947-6F8E-457F-B3F7-8B85C616CE77}.Release|x64.ActiveCfg = Release|Any CPU
		{59AD7947-6F8E-457F-B3F7-8B85C616CE77}.Release|x64.Build.0 = Release|Any CPU
		{59AD7947-6F8E-457F-B3F7-8B85C616CE77}.Release|x86.ActiveCfg = Release|Any CPU
		{59AD7947-6F8E-457F-B3F7-8B85C616CE77}.Release|x86.Build.0 = Release|Any CPU
		{16DD61AB-2A73-44D5-B25D-4146A7C9F943}.Debug|Any CPU.ActiveCfg = Debug|Any CPU
		{16DD61AB-2A73-44D5-B25D-4146A7C9F943}.Debug|Any CPU.Build.0 = Debug|Any CPU
		{16DD61AB-2A73-44D5-B25D-4146A7C9F943}.Debug|x64.ActiveCfg = Debug|Any CPU
		{16DD61AB-2A73-44D5-B25D-4146A7C9F943}.Debug|x64.Build.0 = Debug|Any CPU
		{16DD61AB-2A73-44D5-B25D-4146A7C9F943}.Debug|x86.ActiveCfg = Debug|Any CPU
		{16DD61AB-2A73-44D5-B25D-4146A7C9F943}.Debug|x86.Build.0 = Debug|Any CPU
		{16DD61AB-2A73-44D5-B25D-4146A7C9F943}.Release|Any CPU.ActiveCfg = Release|Any CPU
		{16DD61AB-2A73-44D5-B25D-4146A7C9F943}.Release|Any CPU.Build.0 = Release|Any CPU
		{16DD61AB-2A73-44D5-B25D-4146A7C9F943}.Release|x64.ActiveCfg = Release|Any CPU
		{16DD61AB-2A73-44D5-B25D-4146A7C9F943}.Release|x64.Build.0 = Release|Any CPU
		{16DD61AB-2A73-44D5-B25D-4146A7C9F943}.Release|x86.ActiveCfg = Release|Any CPU
		{16DD61AB-2A73-44D5-B25D-4146A7C9F943}.Release|x86.Build.0 = Release|Any CPU
		{CBAFD798-CB99-4860-8096-04F4DD02091D}.Debug|Any CPU.ActiveCfg = Debug|Any CPU
		{CBAFD798-CB99-4860-8096-04F4DD02091D}.Debug|Any CPU.Build.0 = Debug|Any CPU
		{CBAFD798-CB99-4860-8096-04F4DD02091D}.Debug|x64.ActiveCfg = Debug|Any CPU
		{CBAFD798-CB99-4860-8096-04F4DD02091D}.Debug|x64.Build.0 = Debug|Any CPU
		{CBAFD798-CB99-4860-8096-04F4DD02091D}.Debug|x86.ActiveCfg = Debug|Any CPU
		{CBAFD798-CB99-4860-8096-04F4DD02091D}.Debug|x86.Build.0 = Debug|Any CPU
		{CBAFD798-CB99-4860-8096-04F4DD02091D}.Release|Any CPU.ActiveCfg = Release|Any CPU
		{CBAFD798-CB99-4860-8096-04F4DD02091D}.Release|Any CPU.Build.0 = Release|Any CPU
		{CBAFD798-CB99-4860-8096-04F4DD02091D}.Release|x64.ActiveCfg = Release|Any CPU
		{CBAFD798-CB99-4860-8096-04F4DD02091D}.Release|x64.Build.0 = Release|Any CPU
		{CBAFD798-CB99-4860-8096-04F4DD02091D}.Release|x86.ActiveCfg = Release|Any CPU
		{CBAFD798-CB99-4860-8096-04F4DD02091D}.Release|x86.Build.0 = Release|Any CPU
	EndGlobalSection
EndGlobal
