
Microsoft Visual Studio Solution File, Format Version 12.00
# Visual Studio Version 16
VisualStudioVersion = 16.6.30114.105
MinimumVisualStudioVersion = 10.0.40219.1
Project("{FAE04EC0-301F-11D3-BF4B-00C04F79EFBC}") = "LibCurso", "LibCurso\LibCurso.csproj", "{4772CEA2-58CC-4DAE-B5A3-4387987A2500}"
EndProject
Project("{FAE04EC0-301F-11D3-BF4B-00C04F79EFBC}") = "Aula2Lists", "Aula2Lists\Aula2Lists.csproj", "{BBD96A7F-BDFA-4E19-838B-F664057D3E44}"
EndProject
Project("{FAE04EC0-301F-11D3-BF4B-00C04F79EFBC}") = "C#10Collections1", "Aula1\C#10Collections1.csproj", "{A40D787A-AFB1-464B-9D1B-B777793B94D1}"
EndProject
Project("{FAE04EC0-301F-11D3-BF4B-00C04F79EFBC}") = "Aula2ReadOnlyLists", "Aula2ReadOnlyLists\Aula2ReadOnlyLists.csproj", "{D37EC2BC-3022-4837-B0A1-A1257BEFD5DC}"
EndProject
Project("{FAE04EC0-301F-11D3-BF4B-00C04F79EFBC}") = "Aula3Sets", "Aula3Sets\Aula3Sets.csproj", "{FA0E7956-8F3A-49AA-A580-777C1CB142F2}"
EndProject
Project("{FAE04EC0-301F-11D3-BF4B-00C04F79EFBC}") = "Aula4Dicts", "Aula4Dicts\Aula4Dicts.csproj", "{BBA1E5AE-5343-4959-BE85-34C9A6DE79B9}"
EndProject
Global
	GlobalSection(SolutionConfigurationPlatforms) = preSolution
		Debug|Any CPU = Debug|Any CPU
		Debug|x64 = Debug|x64
		Debug|x86 = Debug|x86
		Release|Any CPU = Release|Any CPU
		Release|x64 = Release|x64
		Release|x86 = Release|x86
	EndGlobalSection
	GlobalSection(SolutionProperties) = preSolution
		HideSolutionNode = FALSE
	EndGlobalSection
	GlobalSection(ProjectConfigurationPlatforms) = postSolution
		{4772CEA2-58CC-4DAE-B5A3-4387987A2500}.Debug|Any CPU.ActiveCfg = Debug|Any CPU
		{4772CEA2-58CC-4DAE-B5A3-4387987A2500}.Debug|Any CPU.Build.0 = Debug|Any CPU
		{4772CEA2-58CC-4DAE-B5A3-4387987A2500}.Debug|x64.ActiveCfg = Debug|Any CPU
		{4772CEA2-58CC-4DAE-B5A3-4387987A2500}.Debug|x64.Build.0 = Debug|Any CPU
		{4772CEA2-58CC-4DAE-B5A3-4387987A2500}.Debug|x86.ActiveCfg = Debug|Any CPU
		{4772CEA2-58CC-4DAE-B5A3-4387987A2500}.Debug|x86.Build.0 = Debug|Any CPU
		{4772CEA2-58CC-4DAE-B5A3-4387987A2500}.Release|Any CPU.ActiveCfg = Release|Any CPU
		{4772CEA2-58CC-4DAE-B5A3-4387987A2500}.Release|Any CPU.Build.0 = Release|Any CPU
		{4772CEA2-58CC-4DAE-B5A3-4387987A2500}.Release|x64.ActiveCfg = Release|Any CPU
		{4772CEA2-58CC-4DAE-B5A3-4387987A2500}.Release|x64.Build.0 = Release|Any CPU
		{4772CEA2-58CC-4DAE-B5A3-4387987A2500}.Release|x86.ActiveCfg = Release|Any CPU
		{4772CEA2-58CC-4DAE-B5A3-4387987A2500}.Release|x86.Build.0 = Release|Any CPU
		{BBD96A7F-BDFA-4E19-838B-F664057D3E44}.Debug|Any CPU.ActiveCfg = Debug|Any CPU
		{BBD96A7F-BDFA-4E19-838B-F664057D3E44}.Debug|Any CPU.Build.0 = Debug|Any CPU
		{BBD96A7F-BDFA-4E19-838B-F664057D3E44}.Debug|x64.ActiveCfg = Debug|Any CPU
		{BBD96A7F-BDFA-4E19-838B-F664057D3E44}.Debug|x64.Build.0 = Debug|Any CPU
		{BBD96A7F-BDFA-4E19-838B-F664057D3E44}.Debug|x86.ActiveCfg = Debug|Any CPU
		{BBD96A7F-BDFA-4E19-838B-F664057D3E44}.Debug|x86.Build.0 = Debug|Any CPU
		{BBD96A7F-BDFA-4E19-838B-F664057D3E44}.Release|Any CPU.ActiveCfg = Release|Any CPU
		{BBD96A7F-BDFA-4E19-838B-F664057D3E44}.Release|Any CPU.Build.0 = Release|Any CPU
		{BBD96A7F-BDFA-4E19-838B-F664057D3E44}.Release|x64.ActiveCfg = Release|Any CPU
		{BBD96A7F-BDFA-4E19-838B-F664057D3E44}.Release|x64.Build.0 = Release|Any CPU
		{BBD96A7F-BDFA-4E19-838B-F664057D3E44}.Release|x86.ActiveCfg = Release|Any CPU
		{BBD96A7F-BDFA-4E19-838B-F664057D3E44}.Release|x86.Build.0 = Release|Any CPU
		{A40D787A-AFB1-464B-9D1B-B777793B94D1}.Debug|Any CPU.ActiveCfg = Debug|Any CPU
		{A40D787A-AFB1-464B-9D1B-B777793B94D1}.Debug|Any CPU.Build.0 = Debug|Any CPU
		{A40D787A-AFB1-464B-9D1B-B777793B94D1}.Debug|x64.ActiveCfg = Debug|Any CPU
		{A40D787A-AFB1-464B-9D1B-B777793B94D1}.Debug|x64.Build.0 = Debug|Any CPU
		{A40D787A-AFB1-464B-9D1B-B777793B94D1}.Debug|x86.ActiveCfg = Debug|Any CPU
		{A40D787A-AFB1-464B-9D1B-B777793B94D1}.Debug|x86.Build.0 = Debug|Any CPU
		{A40D787A-AFB1-464B-9D1B-B777793B94D1}.Release|Any CPU.ActiveCfg = Release|Any CPU
		{A40D787A-AFB1-464B-9D1B-B777793B94D1}.Release|Any CPU.Build.0 = Release|Any CPU
		{A40D787A-AFB1-464B-9D1B-B777793B94D1}.Release|x64.ActiveCfg = Release|Any CPU
		{A40D787A-AFB1-464B-9D1B-B777793B94D1}.Release|x64.Build.0 = Release|Any CPU
		{A40D787A-AFB1-464B-9D1B-B777793B94D1}.Release|x86.ActiveCfg = Release|Any CPU
		{A40D787A-AFB1-464B-9D1B-B777793B94D1}.Release|x86.Build.0 = Release|Any CPU
		{D37EC2BC-3022-4837-B0A1-A1257BEFD5DC}.Debug|Any CPU.ActiveCfg = Debug|Any CPU
		{D37EC2BC-3022-4837-B0A1-A1257BEFD5DC}.Debug|Any CPU.Build.0 = Debug|Any CPU
		{D37EC2BC-3022-4837-B0A1-A1257BEFD5DC}.Debug|x64.ActiveCfg = Debug|Any CPU
		{D37EC2BC-3022-4837-B0A1-A1257BEFD5DC}.Debug|x64.Build.0 = Debug|Any CPU
		{D37EC2BC-3022-4837-B0A1-A1257BEFD5DC}.Debug|x86.ActiveCfg = Debug|Any CPU
		{D37EC2BC-3022-4837-B0A1-A1257BEFD5DC}.Debug|x86.Build.0 = Debug|Any CPU
		{D37EC2BC-3022-4837-B0A1-A1257BEFD5DC}.Release|Any CPU.ActiveCfg = Release|Any CPU
		{D37EC2BC-3022-4837-B0A1-A1257BEFD5DC}.Release|Any CPU.Build.0 = Release|Any CPU
		{D37EC2BC-3022-4837-B0A1-A1257BEFD5DC}.Release|x64.ActiveCfg = Release|Any CPU
		{D37EC2BC-3022-4837-B0A1-A1257BEFD5DC}.Release|x64.Build.0 = Release|Any CPU
		{D37EC2BC-3022-4837-B0A1-A1257BEFD5DC}.Release|x86.ActiveCfg = Release|Any CPU
		{D37EC2BC-3022-4837-B0A1-A1257BEFD5DC}.Release|x86.Build.0 = Release|Any CPU
		{FA0E7956-8F3A-49AA-A580-777C1CB142F2}.Debug|Any CPU.ActiveCfg = Debug|Any CPU
		{FA0E7956-8F3A-49AA-A580-777C1CB142F2}.Debug|Any CPU.Build.0 = Debug|Any CPU
		{FA0E7956-8F3A-49AA-A580-777C1CB142F2}.Debug|x64.ActiveCfg = Debug|Any CPU
		{FA0E7956-8F3A-49AA-A580-777C1CB142F2}.Debug|x64.Build.0 = Debug|Any CPU
		{FA0E7956-8F3A-49AA-A580-777C1CB142F2}.Debug|x86.ActiveCfg = Debug|Any CPU
		{FA0E7956-8F3A-49AA-A580-777C1CB142F2}.Debug|x86.Build.0 = Debug|Any CPU
		{FA0E7956-8F3A-49AA-A580-777C1CB142F2}.Release|Any CPU.ActiveCfg = Release|Any CPU
		{FA0E7956-8F3A-49AA-A580-777C1CB142F2}.Release|Any CPU.Build.0 = Release|Any CPU
		{FA0E7956-8F3A-49AA-A580-777C1CB142F2}.Release|x64.ActiveCfg = Release|Any CPU
		{FA0E7956-8F3A-49AA-A580-777C1CB142F2}.Release|x64.Build.0 = Release|Any CPU
		{FA0E7956-8F3A-49AA-A580-777C1CB142F2}.Release|x86.ActiveCfg = Release|Any CPU
		{FA0E7956-8F3A-49AA-A580-777C1CB142F2}.Release|x86.Build.0 = Release|Any CPU
		{BBA1E5AE-5343-4959-BE85-34C9A6DE79B9}.Debug|Any CPU.ActiveCfg = Debug|Any CPU
		{BBA1E5AE-5343-4959-BE85-34C9A6DE79B9}.Debug|Any CPU.Build.0 = Debug|Any CPU
		{BBA1E5AE-5343-4959-BE85-34C9A6DE79B9}.Debug|x64.ActiveCfg = Debug|Any CPU
		{BBA1E5AE-5343-4959-BE85-34C9A6DE79B9}.Debug|x64.Build.0 = Debug|Any CPU
		{BBA1E5AE-5343-4959-BE85-34C9A6DE79B9}.Debug|x86.ActiveCfg = Debug|Any CPU
		{BBA1E5AE-5343-4959-BE85-34C9A6DE79B9}.Debug|x86.Build.0 = Debug|Any CPU
		{BBA1E5AE-5343-4959-BE85-34C9A6DE79B9}.Release|Any CPU.ActiveCfg = Release|Any CPU
		{BBA1E5AE-5343-4959-BE85-34C9A6DE79B9}.Release|Any CPU.Build.0 = Release|Any CPU
		{BBA1E5AE-5343-4959-BE85-34C9A6DE79B9}.Release|x64.ActiveCfg = Release|Any CPU
		{BBA1E5AE-5343-4959-BE85-34C9A6DE79B9}.Release|x64.Build.0 = Release|Any CPU
		{BBA1E5AE-5343-4959-BE85-34C9A6DE79B9}.Release|x86.ActiveCfg = Release|Any CPU
		{BBA1E5AE-5343-4959-BE85-34C9A6DE79B9}.Release|x86.Build.0 = Release|Any CPU
	EndGlobalSection
EndGlobal
