
Microsoft Visual Studio Solution File, Format Version 12.00
# Visual Studio Version 16
VisualStudioVersion = 16.6.30114.105
MinimumVisualStudioVersion = 10.0.40219.1
Project("{FAE04EC0-301F-11D3-BF4B-00C04F79EFBC}") = "Identity.Data", "Identity.Data\Identity.Data.csproj", "{35922FE9-7BB1-4DFD-9C49-3E9666DAF5C4}"
EndProject
Project("{FAE04EC0-301F-11D3-BF4B-00C04F79EFBC}") = "Identity.Domain", "Identity.Domain\Identity.Domain.csproj", "{E4B8BD4B-B3B2-4DA1-B8E7-9037824552A0}"
EndProject
Project("{FAE04EC0-301F-11D3-BF4B-00C04F79EFBC}") = "Identity.Web", "Identity.Web\Identity.Web.csproj", "{4BD17B8A-AF78-4069-A39D-69435CE139E7}"
EndProject
Project("{FAE04EC0-301F-11D3-BF4B-00C04F79EFBC}") = "Identity.Tests", "Identity.Tests\Identity.Tests.csproj", "{8FD498B9-DDEF-4D88-9334-E143CFB609C6}"
EndProject
Global
	GlobalSection(SolutionConfigurationPlatforms) = preSolution
		Debug|Any CPU = Debug|Any CPU
		Debug|x64 = Debug|x64
		Debug|x86 = Debug|x86
		Release|Any CPU = Release|Any CPU
		Release|x64 = Release|x64
		Release|x86 = Release|x86
	EndGlobalSection
	GlobalSection(SolutionProperties) = preSolution
		HideSolutionNode = FALSE
	EndGlobalSection
	GlobalSection(ProjectConfigurationPlatforms) = postSolution
		{BC4807FD-4ABD-41F4-B349-F107F1969CE5}.Debug|Any CPU.ActiveCfg = Debug|Any CPU
		{BC4807FD-4ABD-41F4-B349-F107F1969CE5}.Debug|Any CPU.Build.0 = Debug|Any CPU
		{BC4807FD-4ABD-41F4-B349-F107F1969CE5}.Debug|x64.ActiveCfg = Debug|Any CPU
		{BC4807FD-4ABD-41F4-B349-F107F1969CE5}.Debug|x64.Build.0 = Debug|Any CPU
		{BC4807FD-4ABD-41F4-B349-F107F1969CE5}.Debug|x86.ActiveCfg = Debug|Any CPU
		{BC4807FD-4ABD-41F4-B349-F107F1969CE5}.Debug|x86.Build.0 = Debug|Any CPU
		{BC4807FD-4ABD-41F4-B349-F107F1969CE5}.Release|Any CPU.ActiveCfg = Release|Any CPU
		{BC4807FD-4ABD-41F4-B349-F107F1969CE5}.Release|Any CPU.Build.0 = Release|Any CPU
		{BC4807FD-4ABD-41F4-B349-F107F1969CE5}.Release|x64.ActiveCfg = Release|Any CPU
		{BC4807FD-4ABD-41F4-B349-F107F1969CE5}.Release|x64.Build.0 = Release|Any CPU
		{BC4807FD-4ABD-41F4-B349-F107F1969CE5}.Release|x86.ActiveCfg = Release|Any CPU
		{BC4807FD-4ABD-41F4-B349-F107F1969CE5}.Release|x86.Build.0 = Release|Any CPU
		{35922FE9-7BB1-4DFD-9C49-3E9666DAF5C4}.Debug|Any CPU.ActiveCfg = Debug|Any CPU
		{35922FE9-7BB1-4DFD-9C49-3E9666DAF5C4}.Debug|Any CPU.Build.0 = Debug|Any CPU
		{35922FE9-7BB1-4DFD-9C49-3E9666DAF5C4}.Debug|x64.ActiveCfg = Debug|Any CPU
		{35922FE9-7BB1-4DFD-9C49-3E9666DAF5C4}.Debug|x64.Build.0 = Debug|Any CPU
		{35922FE9-7BB1-4DFD-9C49-3E9666DAF5C4}.Debug|x86.ActiveCfg = Debug|Any CPU
		{35922FE9-7BB1-4DFD-9C49-3E9666DAF5C4}.Debug|x86.Build.0 = Debug|Any CPU
		{35922FE9-7BB1-4DFD-9C49-3E9666DAF5C4}.Release|Any CPU.ActiveCfg = Release|Any CPU
		{35922FE9-7BB1-4DFD-9C49-3E9666DAF5C4}.Release|Any CPU.Build.0 = Release|Any CPU
		{35922FE9-7BB1-4DFD-9C49-3E9666DAF5C4}.Release|x64.ActiveCfg = Release|Any CPU
		{35922FE9-7BB1-4DFD-9C49-3E9666DAF5C4}.Release|x64.Build.0 = Release|Any CPU
		{35922FE9-7BB1-4DFD-9C49-3E9666DAF5C4}.Release|x86.ActiveCfg = Release|Any CPU
		{35922FE9-7BB1-4DFD-9C49-3E9666DAF5C4}.Release|x86.Build.0 = Release|Any CPU
		{E4B8BD4B-B3B2-4DA1-B8E7-9037824552A0}.Debug|Any CPU.ActiveCfg = Debug|Any CPU
		{E4B8BD4B-B3B2-4DA1-B8E7-9037824552A0}.Debug|Any CPU.Build.0 = Debug|Any CPU
		{E4B8BD4B-B3B2-4DA1-B8E7-9037824552A0}.Debug|x64.ActiveCfg = Debug|Any CPU
		{E4B8BD4B-B3B2-4DA1-B8E7-9037824552A0}.Debug|x64.Build.0 = Debug|Any CPU
		{E4B8BD4B-B3B2-4DA1-B8E7-9037824552A0}.Debug|x86.ActiveCfg = Debug|Any CPU
		{E4B8BD4B-B3B2-4DA1-B8E7-9037824552A0}.Debug|x86.Build.0 = Debug|Any CPU
		{E4B8BD4B-B3B2-4DA1-B8E7-9037824552A0}.Release|Any CPU.ActiveCfg = Release|Any CPU
		{E4B8BD4B-B3B2-4DA1-B8E7-9037824552A0}.Release|Any CPU.Build.0 = Release|Any CPU
		{E4B8BD4B-B3B2-4DA1-B8E7-9037824552A0}.Release|x64.ActiveCfg = Release|Any CPU
		{E4B8BD4B-B3B2-4DA1-B8E7-9037824552A0}.Release|x64.Build.0 = Release|Any CPU
		{E4B8BD4B-B3B2-4DA1-B8E7-9037824552A0}.Release|x86.ActiveCfg = Release|Any CPU
		{E4B8BD4B-B3B2-4DA1-B8E7-9037824552A0}.Release|x86.Build.0 = Release|Any CPU
		{4BD17B8A-AF78-4069-A39D-69435CE139E7}.Debug|Any CPU.ActiveCfg = Debug|Any CPU
		{4BD17B8A-AF78-4069-A39D-69435CE139E7}.Debug|Any CPU.Build.0 = Debug|Any CPU
		{4BD17B8A-AF78-4069-A39D-69435CE139E7}.Debug|x64.ActiveCfg = Debug|Any CPU
		{4BD17B8A-AF78-4069-A39D-69435CE139E7}.Debug|x64.Build.0 = Debug|Any CPU
		{4BD17B8A-AF78-4069-A39D-69435CE139E7}.Debug|x86.ActiveCfg = Debug|Any CPU
		{4BD17B8A-AF78-4069-A39D-69435CE139E7}.Debug|x86.Build.0 = Debug|Any CPU
		{4BD17B8A-AF78-4069-A39D-69435CE139E7}.Release|Any CPU.ActiveCfg = Release|Any CPU
		{4BD17B8A-AF78-4069-A39D-69435CE139E7}.Release|Any CPU.Build.0 = Release|Any CPU
		{4BD17B8A-AF78-4069-A39D-69435CE139E7}.Release|x64.ActiveCfg = Release|Any CPU
		{4BD17B8A-AF78-4069-A39D-69435CE139E7}.Release|x64.Build.0 = Release|Any CPU
		{4BD17B8A-AF78-4069-A39D-69435CE139E7}.Release|x86.ActiveCfg = Release|Any CPU
		{4BD17B8A-AF78-4069-A39D-69435CE139E7}.Release|x86.Build.0 = Release|Any CPU
		{8FD498B9-DDEF-4D88-9334-E143CFB609C6}.Debug|Any CPU.ActiveCfg = Debug|Any CPU
		{8FD498B9-DDEF-4D88-9334-E143CFB609C6}.Debug|Any CPU.Build.0 = Debug|Any CPU
		{8FD498B9-DDEF-4D88-9334-E143CFB609C6}.Debug|x64.ActiveCfg = Debug|Any CPU
		{8FD498B9-DDEF-4D88-9334-E143CFB609C6}.Debug|x64.Build.0 = Debug|Any CPU
		{8FD498B9-DDEF-4D88-9334-E143CFB609C6}.Debug|x86.ActiveCfg = Debug|Any CPU
		{8FD498B9-DDEF-4D88-9334-E143CFB609C6}.Debug|x86.Build.0 = Debug|Any CPU
		{8FD498B9-DDEF-4D88-9334-E143CFB609C6}.Release|Any CPU.ActiveCfg = Release|Any CPU
		{8FD498B9-DDEF-4D88-9334-E143CFB609C6}.Release|Any CPU.Build.0 = Release|Any CPU
		{8FD498B9-DDEF-4D88-9334-E143CFB609C6}.Release|x64.ActiveCfg = Release|Any CPU
		{8FD498B9-DDEF-4D88-9334-E143CFB609C6}.Release|x64.Build.0 = Release|Any CPU
		{8FD498B9-DDEF-4D88-9334-E143CFB609C6}.Release|x86.ActiveCfg = Release|Any CPU
		{8FD498B9-DDEF-4D88-9334-E143CFB609C6}.Release|x86.Build.0 = Release|Any CPU
	EndGlobalSection
EndGlobal
