
Microsoft Visual Studio Solution File, Format Version 12.00
# Visual Studio Version 16
VisualStudioVersion = 16.6.30114.105
MinimumVisualStudioVersion = 10.0.40219.1
Project("{2150E333-8FDC-42A3-9474-1A3956D46DE8}") = "src", "src", "{EE9676B6-E7F8-48DF-8B05-EF453A3CAF2B}"
EndProject
Project("{2150E333-8FDC-42A3-9474-1A3956D46DE8}") = "Application", "Application", "{20E78330-6DDA-4A8C-B7CF-7AD1BCAE29ED}"
EndProject
Project("{9A19103F-16F7-4668-BE54-9A1E7A4F7556}") = "GloboTicket.Api", "src\Application\GloboTicket.Api\GloboTicket.Api.csproj", "{840B54D6-FCEC-4CA9-9C39-4BC7F98A1D5D}"
EndProject
Project("{9A19103F-16F7-4668-BE54-9A1E7A4F7556}") = "GloboTicket.Features", "src\Application\GloboTicket.Features\GloboTicket.Features.csproj", "{00019F95-0914-4387-90A4-7AB373D800FF}"
EndProject
Project("{2150E333-8FDC-42A3-9474-1A3956D46DE8}") = "Domain", "Domain", "{B99AA57F-1B55-4D19-8973-94CE9D66844E}"
EndProject
Project("{9A19103F-16F7-4668-BE54-9A1E7A4F7556}") = "GloboTicket.Common", "src\Domain\GloboTicket.Common\GloboTicket.Common.csproj", "{E49A2B95-E104-45CD-9212-8E697F954E39}"
EndProject
Project("{9A19103F-16F7-4668-BE54-9A1E7A4F7556}") = "GloboTicket.Contracts", "src\Domain\GloboTicket.Contracts\GloboTicket.Contracts.csproj", "{0516429A-416F-48A1-A86D-C567DA90FEB6}"
EndProject
Project("{9A19103F-16F7-4668-BE54-9A1E7A4F7556}") = "GloboTicket.Core", "src\Domain\GloboTicket.Core\GloboTicket.Core.csproj", "{E48C1889-351D-45A1-827A-64B8353FDAA7}"
EndProject
Project("{2150E333-8FDC-42A3-9474-1A3956D46DE8}") = "Infra", "Infra", "{76287CD7-B887-4F7F-876E-59E3771F77A5}"
EndProject
Project("{9A19103F-16F7-4668-BE54-9A1E7A4F7556}") = "GloboTicket.Data", "src\Infra\GloboTicket.Data\GloboTicket.Data.csproj", "{0575E704-E0B9-4B4B-B5E6-0E7A1F8DF6FA}"
EndProject
Project("{FAE04EC0-301F-11D3-BF4B-00C04F79EFBC}") = "GloboTicket.Messaging", "src\Infra\GloboTicket.Messaging\GloboTicket.Messaging.csproj", "{3C0888A2-634A-4592-9A09-321396D5244C}"
EndProject
Project("{2150E333-8FDC-42A3-9474-1A3956D46DE8}") = "tests", "tests", "{3CF45BDF-BAB2-4601-BAB9-4043A607BDD7}"
EndProject
Project("{FAE04EC0-301F-11D3-BF4B-00C04F79EFBC}") = "GloboTicket.UnitTests", "tests\GloboTicket.UnitTests\GloboTicket.UnitTests.csproj", "{E8E7FCEC-2092-4BFB-8C5A-5332CC5B8F8C}"
EndProject
Global
	GlobalSection(SolutionConfigurationPlatforms) = preSolution
		Debug|Any CPU = Debug|Any CPU
		Debug|x64 = Debug|x64
		Debug|x86 = Debug|x86
		Release|Any CPU = Release|Any CPU
		Release|x64 = Release|x64
		Release|x86 = Release|x86
	EndGlobalSection
	GlobalSection(ProjectConfigurationPlatforms) = postSolution
		{E49A2B95-E104-45CD-9212-8E697F954E39}.Debug|Any CPU.ActiveCfg = Debug|Any CPU
		{E49A2B95-E104-45CD-9212-8E697F954E39}.Debug|Any CPU.Build.0 = Debug|Any CPU
		{E49A2B95-E104-45CD-9212-8E697F954E39}.Debug|x64.ActiveCfg = Debug|Any CPU
		{E49A2B95-E104-45CD-9212-8E697F954E39}.Debug|x64.Build.0 = Debug|Any CPU
		{E49A2B95-E104-45CD-9212-8E697F954E39}.Debug|x86.ActiveCfg = Debug|Any CPU
		{E49A2B95-E104-45CD-9212-8E697F954E39}.Debug|x86.Build.0 = Debug|Any CPU
		{E49A2B95-E104-45CD-9212-8E697F954E39}.Release|Any CPU.ActiveCfg = Release|Any CPU
		{E49A2B95-E104-45CD-9212-8E697F954E39}.Release|Any CPU.Build.0 = Release|Any CPU
		{E49A2B95-E104-45CD-9212-8E697F954E39}.Release|x64.ActiveCfg = Release|Any CPU
		{E49A2B95-E104-45CD-9212-8E697F954E39}.Release|x64.Build.0 = Release|Any CPU
		{E49A2B95-E104-45CD-9212-8E697F954E39}.Release|x86.ActiveCfg = Release|Any CPU
		{E49A2B95-E104-45CD-9212-8E697F954E39}.Release|x86.Build.0 = Release|Any CPU
		{E48C1889-351D-45A1-827A-64B8353FDAA7}.Debug|Any CPU.ActiveCfg = Debug|Any CPU
		{E48C1889-351D-45A1-827A-64B8353FDAA7}.Debug|Any CPU.Build.0 = Debug|Any CPU
		{E48C1889-351D-45A1-827A-64B8353FDAA7}.Debug|x64.ActiveCfg = Debug|Any CPU
		{E48C1889-351D-45A1-827A-64B8353FDAA7}.Debug|x64.Build.0 = Debug|Any CPU
		{E48C1889-351D-45A1-827A-64B8353FDAA7}.Debug|x86.ActiveCfg = Debug|Any CPU
		{E48C1889-351D-45A1-827A-64B8353FDAA7}.Debug|x86.Build.0 = Debug|Any CPU
		{E48C1889-351D-45A1-827A-64B8353FDAA7}.Release|Any CPU.ActiveCfg = Release|Any CPU
		{E48C1889-351D-45A1-827A-64B8353FDAA7}.Release|Any CPU.Build.0 = Release|Any CPU
		{E48C1889-351D-45A1-827A-64B8353FDAA7}.Release|x64.ActiveCfg = Release|Any CPU
		{E48C1889-351D-45A1-827A-64B8353FDAA7}.Release|x64.Build.0 = Release|Any CPU
		{E48C1889-351D-45A1-827A-64B8353FDAA7}.Release|x86.ActiveCfg = Release|Any CPU
		{E48C1889-351D-45A1-827A-64B8353FDAA7}.Release|x86.Build.0 = Release|Any CPU
		{0575E704-E0B9-4B4B-B5E6-0E7A1F8DF6FA}.Debug|Any CPU.ActiveCfg = Debug|Any CPU
		{0575E704-E0B9-4B4B-B5E6-0E7A1F8DF6FA}.Debug|Any CPU.Build.0 = Debug|Any CPU
		{0575E704-E0B9-4B4B-B5E6-0E7A1F8DF6FA}.Debug|x64.ActiveCfg = Debug|Any CPU
		{0575E704-E0B9-4B4B-B5E6-0E7A1F8DF6FA}.Debug|x64.Build.0 = Debug|Any CPU
		{0575E704-E0B9-4B4B-B5E6-0E7A1F8DF6FA}.Debug|x86.ActiveCfg = Debug|Any CPU
		{0575E704-E0B9-4B4B-B5E6-0E7A1F8DF6FA}.Debug|x86.Build.0 = Debug|Any CPU
		{0575E704-E0B9-4B4B-B5E6-0E7A1F8DF6FA}.Release|Any CPU.ActiveCfg = Release|Any CPU
		{0575E704-E0B9-4B4B-B5E6-0E7A1F8DF6FA}.Release|Any CPU.Build.0 = Release|Any CPU
		{0575E704-E0B9-4B4B-B5E6-0E7A1F8DF6FA}.Release|x64.ActiveCfg = Release|Any CPU
		{0575E704-E0B9-4B4B-B5E6-0E7A1F8DF6FA}.Release|x64.Build.0 = Release|Any CPU
		{0575E704-E0B9-4B4B-B5E6-0E7A1F8DF6FA}.Release|x86.ActiveCfg = Release|Any CPU
		{0575E704-E0B9-4B4B-B5E6-0E7A1F8DF6FA}.Release|x86.Build.0 = Release|Any CPU
		{840B54D6-FCEC-4CA9-9C39-4BC7F98A1D5D}.Debug|Any CPU.ActiveCfg = Debug|Any CPU
		{840B54D6-FCEC-4CA9-9C39-4BC7F98A1D5D}.Debug|Any CPU.Build.0 = Debug|Any CPU
		{840B54D6-FCEC-4CA9-9C39-4BC7F98A1D5D}.Debug|x64.ActiveCfg = Debug|Any CPU
		{840B54D6-FCEC-4CA9-9C39-4BC7F98A1D5D}.Debug|x64.Build.0 = Debug|Any CPU
		{840B54D6-FCEC-4CA9-9C39-4BC7F98A1D5D}.Debug|x86.ActiveCfg = Debug|Any CPU
		{840B54D6-FCEC-4CA9-9C39-4BC7F98A1D5D}.Debug|x86.Build.0 = Debug|Any CPU
		{840B54D6-FCEC-4CA9-9C39-4BC7F98A1D5D}.Release|Any CPU.ActiveCfg = Release|Any CPU
		{840B54D6-FCEC-4CA9-9C39-4BC7F98A1D5D}.Release|Any CPU.Build.0 = Release|Any CPU
		{840B54D6-FCEC-4CA9-9C39-4BC7F98A1D5D}.Release|x64.ActiveCfg = Release|Any CPU
		{840B54D6-FCEC-4CA9-9C39-4BC7F98A1D5D}.Release|x64.Build.0 = Release|Any CPU
		{840B54D6-FCEC-4CA9-9C39-4BC7F98A1D5D}.Release|x86.ActiveCfg = Release|Any CPU
		{840B54D6-FCEC-4CA9-9C39-4BC7F98A1D5D}.Release|x86.Build.0 = Release|Any CPU
		{00019F95-0914-4387-90A4-7AB373D800FF}.Debug|Any CPU.ActiveCfg = Debug|Any CPU
		{00019F95-0914-4387-90A4-7AB373D800FF}.Debug|Any CPU.Build.0 = Debug|Any CPU
		{00019F95-0914-4387-90A4-7AB373D800FF}.Debug|x64.ActiveCfg = Debug|Any CPU
		{00019F95-0914-4387-90A4-7AB373D800FF}.Debug|x64.Build.0 = Debug|Any CPU
		{00019F95-0914-4387-90A4-7AB373D800FF}.Debug|x86.ActiveCfg = Debug|Any CPU
		{00019F95-0914-4387-90A4-7AB373D800FF}.Debug|x86.Build.0 = Debug|Any CPU
		{00019F95-0914-4387-90A4-7AB373D800FF}.Release|Any CPU.ActiveCfg = Release|Any CPU
		{00019F95-0914-4387-90A4-7AB373D800FF}.Release|Any CPU.Build.0 = Release|Any CPU
		{00019F95-0914-4387-90A4-7AB373D800FF}.Release|x64.ActiveCfg = Release|Any CPU
		{00019F95-0914-4387-90A4-7AB373D800FF}.Release|x64.Build.0 = Release|Any CPU
		{00019F95-0914-4387-90A4-7AB373D800FF}.Release|x86.ActiveCfg = Release|Any CPU
		{00019F95-0914-4387-90A4-7AB373D800FF}.Release|x86.Build.0 = Release|Any CPU
		{0516429A-416F-48A1-A86D-C567DA90FEB6}.Debug|Any CPU.ActiveCfg = Debug|Any CPU
		{0516429A-416F-48A1-A86D-C567DA90FEB6}.Debug|Any CPU.Build.0 = Debug|Any CPU
		{0516429A-416F-48A1-A86D-C567DA90FEB6}.Debug|x64.ActiveCfg = Debug|Any CPU
		{0516429A-416F-48A1-A86D-C567DA90FEB6}.Debug|x64.Build.0 = Debug|Any CPU
		{0516429A-416F-48A1-A86D-C567DA90FEB6}.Debug|x86.ActiveCfg = Debug|Any CPU
		{0516429A-416F-48A1-A86D-C567DA90FEB6}.Debug|x86.Build.0 = Debug|Any CPU
		{0516429A-416F-48A1-A86D-C567DA90FEB6}.Release|Any CPU.ActiveCfg = Release|Any CPU
		{0516429A-416F-48A1-A86D-C567DA90FEB6}.Release|Any CPU.Build.0 = Release|Any CPU
		{0516429A-416F-48A1-A86D-C567DA90FEB6}.Release|x64.ActiveCfg = Release|Any CPU
		{0516429A-416F-48A1-A86D-C567DA90FEB6}.Release|x64.Build.0 = Release|Any CPU
		{0516429A-416F-48A1-A86D-C567DA90FEB6}.Release|x86.ActiveCfg = Release|Any CPU
		{0516429A-416F-48A1-A86D-C567DA90FEB6}.Release|x86.Build.0 = Release|Any CPU
		{3C0888A2-634A-4592-9A09-321396D5244C}.Debug|Any CPU.ActiveCfg = Debug|Any CPU
		{3C0888A2-634A-4592-9A09-321396D5244C}.Debug|Any CPU.Build.0 = Debug|Any CPU
		{3C0888A2-634A-4592-9A09-321396D5244C}.Debug|x64.ActiveCfg = Debug|Any CPU
		{3C0888A2-634A-4592-9A09-321396D5244C}.Debug|x64.Build.0 = Debug|Any CPU
		{3C0888A2-634A-4592-9A09-321396D5244C}.Debug|x86.ActiveCfg = Debug|Any CPU
		{3C0888A2-634A-4592-9A09-321396D5244C}.Debug|x86.Build.0 = Debug|Any CPU
		{3C0888A2-634A-4592-9A09-321396D5244C}.Release|Any CPU.ActiveCfg = Release|Any CPU
		{3C0888A2-634A-4592-9A09-321396D5244C}.Release|Any CPU.Build.0 = Release|Any CPU
		{3C0888A2-634A-4592-9A09-321396D5244C}.Release|x64.ActiveCfg = Release|Any CPU
		{3C0888A2-634A-4592-9A09-321396D5244C}.Release|x64.Build.0 = Release|Any CPU
		{3C0888A2-634A-4592-9A09-321396D5244C}.Release|x86.ActiveCfg = Release|Any CPU
		{3C0888A2-634A-4592-9A09-321396D5244C}.Release|x86.Build.0 = Release|Any CPU
		{E8E7FCEC-2092-4BFB-8C5A-5332CC5B8F8C}.Debug|Any CPU.ActiveCfg = Debug|Any CPU
		{E8E7FCEC-2092-4BFB-8C5A-5332CC5B8F8C}.Debug|Any CPU.Build.0 = Debug|Any CPU
		{E8E7FCEC-2092-4BFB-8C5A-5332CC5B8F8C}.Debug|x64.ActiveCfg = Debug|Any CPU
		{E8E7FCEC-2092-4BFB-8C5A-5332CC5B8F8C}.Debug|x64.Build.0 = Debug|Any CPU
		{E8E7FCEC-2092-4BFB-8C5A-5332CC5B8F8C}.Debug|x86.ActiveCfg = Debug|Any CPU
		{E8E7FCEC-2092-4BFB-8C5A-5332CC5B8F8C}.Debug|x86.Build.0 = Debug|Any CPU
		{E8E7FCEC-2092-4BFB-8C5A-5332CC5B8F8C}.Release|Any CPU.ActiveCfg = Release|Any CPU
		{E8E7FCEC-2092-4BFB-8C5A-5332CC5B8F8C}.Release|Any CPU.Build.0 = Release|Any CPU
		{E8E7FCEC-2092-4BFB-8C5A-5332CC5B8F8C}.Release|x64.ActiveCfg = Release|Any CPU
		{E8E7FCEC-2092-4BFB-8C5A-5332CC5B8F8C}.Release|x64.Build.0 = Release|Any CPU
		{E8E7FCEC-2092-4BFB-8C5A-5332CC5B8F8C}.Release|x86.ActiveCfg = Release|Any CPU
		{E8E7FCEC-2092-4BFB-8C5A-5332CC5B8F8C}.Release|x86.Build.0 = Release|Any CPU
	EndGlobalSection
	GlobalSection(SolutionProperties) = preSolution
		HideSolutionNode = FALSE
	EndGlobalSection
	GlobalSection(NestedProjects) = preSolution
		{B99AA57F-1B55-4D19-8973-94CE9D66844E} = {EE9676B6-E7F8-48DF-8B05-EF453A3CAF2B}
		{E49A2B95-E104-45CD-9212-8E697F954E39} = {B99AA57F-1B55-4D19-8973-94CE9D66844E}
		{E48C1889-351D-45A1-827A-64B8353FDAA7} = {B99AA57F-1B55-4D19-8973-94CE9D66844E}
		{76287CD7-B887-4F7F-876E-59E3771F77A5} = {EE9676B6-E7F8-48DF-8B05-EF453A3CAF2B}
		{0575E704-E0B9-4B4B-B5E6-0E7A1F8DF6FA} = {76287CD7-B887-4F7F-876E-59E3771F77A5}
		{20E78330-6DDA-4A8C-B7CF-7AD1BCAE29ED} = {EE9676B6-E7F8-48DF-8B05-EF453A3CAF2B}
		{840B54D6-FCEC-4CA9-9C39-4BC7F98A1D5D} = {20E78330-6DDA-4A8C-B7CF-7AD1BCAE29ED}
		{00019F95-0914-4387-90A4-7AB373D800FF} = {20E78330-6DDA-4A8C-B7CF-7AD1BCAE29ED}
		{0516429A-416F-48A1-A86D-C567DA90FEB6} = {B99AA57F-1B55-4D19-8973-94CE9D66844E}
		{3C0888A2-634A-4592-9A09-321396D5244C} = {76287CD7-B887-4F7F-876E-59E3771F77A5}
		{E8E7FCEC-2092-4BFB-8C5A-5332CC5B8F8C} = {3CF45BDF-BAB2-4601-BAB9-4043A607BDD7}
	EndGlobalSection
	GlobalSection(ExtensibilityGlobals) = postSolution
		SolutionGuid = {1CB54B07-53DE-4333-BE66-082F68AD3425}
	EndGlobalSection
EndGlobal
