Microsoft Visual Studio Solution File, Format Version 12.00
# Visual Studio Version 16
VisualStudioVersion = 16.6.30114.105
MinimumVisualStudioVersion = 10.0.40219.1
Project("{2150E333-8FDC-42A3-9474-1A3956D46DE8}") = "src", "src", "{75D6BC2C-120C-46E4-BBDB-47531E92C4D9}"
EndProject
Project("{FAE04EC0-301F-11D3-BF4B-00C04F79EFBC}") = "DynamoInfra", "src\DynamoInfra\DynamoInfra.csproj", "{CBF2D11F-A17A-4CEB-881F-FBBF405ED919}"
EndProject
Project("{FAE04EC0-301F-11D3-BF4B-00C04F79EFBC}") = "ExampleDomain", "src\ExampleDomain\ExampleDomain.csproj", "{82CB6827-2196-421F-BCE9-C68F2B4ED762}"
EndProject
Project("{FAE04EC0-301F-11D3-BF4B-00C04F79EFBC}") = "tests", "tests\tests.csproj", "{076DEADE-3954-4856-818D-21184FE64794}"
EndProject
Project("{FAE04EC0-301F-11D3-BF4B-00C04F79EFBC}") = "ExampleApplication", "ExampleApplication\ExampleApplication.csproj", "{E9E353F8-C5CE-4355-81B8-D8625BF9B6A6}"
EndProject
Project("{FAE04EC0-301F-11D3-BF4B-00C04F79EFBC}") = "ExampleApplication", "src\ExampleApplication\ExampleApplication.csproj", "{D87F42CC-EF58-4573-B87C-E632E2AB6D01}"
EndProject
Global
	GlobalSection(SolutionConfigurationPlatforms) = preSolution
		Debug|Any CPU = Debug|Any CPU
		Debug|x64 = Debug|x64
		Debug|x86 = Debug|x86
		Release|Any CPU = Release|Any CPU
		Release|x64 = Release|x64
		Release|x86 = Release|x86
	EndGlobalSection
	GlobalSection(SolutionProperties) = preSolution
		HideSolutionNode = FALSE
	EndGlobalSection
	GlobalSection(ProjectConfigurationPlatforms) = postSolution
		{CBF2D11F-A17A-4CEB-881F-FBBF405ED919}.Debug|Any CPU.ActiveCfg = Debug|Any CPU
		{CBF2D11F-A17A-4CEB-881F-FBBF405ED919}.Debug|Any CPU.Build.0 = Debug|Any CPU
		{CBF2D11F-A17A-4CEB-881F-FBBF405ED919}.Debug|x64.ActiveCfg = Debug|Any CPU
		{CBF2D11F-A17A-4CEB-881F-FBBF405ED919}.Debug|x64.Build.0 = Debug|Any CPU
		{CBF2D11F-A17A-4CEB-881F-FBBF405ED919}.Debug|x86.ActiveCfg = Debug|Any CPU
		{CBF2D11F-A17A-4CEB-881F-FBBF405ED919}.Debug|x86.Build.0 = Debug|Any CPU
		{CBF2D11F-A17A-4CEB-881F-FBBF405ED919}.Release|Any CPU.ActiveCfg = Release|Any CPU
		{CBF2D11F-A17A-4CEB-881F-FBBF405ED919}.Release|Any CPU.Build.0 = Release|Any CPU
		{CBF2D11F-A17A-4CEB-881F-FBBF405ED919}.Release|x64.ActiveCfg = Release|Any CPU
		{CBF2D11F-A17A-4CEB-881F-FBBF405ED919}.Release|x64.Build.0 = Release|Any CPU
		{CBF2D11F-A17A-4CEB-881F-FBBF405ED919}.Release|x86.ActiveCfg = Release|Any CPU
		{CBF2D11F-A17A-4CEB-881F-FBBF405ED919}.Release|x86.Build.0 = Release|Any CPU
		{82CB6827-2196-421F-BCE9-C68F2B4ED762}.Debug|Any CPU.ActiveCfg = Debug|Any CPU
		{82CB6827-2196-421F-BCE9-C68F2B4ED762}.Debug|Any CPU.Build.0 = Debug|Any CPU
		{82CB6827-2196-421F-BCE9-C68F2B4ED762}.Debug|x64.ActiveCfg = Debug|Any CPU
		{82CB6827-2196-421F-BCE9-C68F2B4ED762}.Debug|x64.Build.0 = Debug|Any CPU
		{82CB6827-2196-421F-BCE9-C68F2B4ED762}.Debug|x86.ActiveCfg = Debug|Any CPU
		{82CB6827-2196-421F-BCE9-C68F2B4ED762}.Debug|x86.Build.0 = Debug|Any CPU
		{82CB6827-2196-421F-BCE9-C68F2B4ED762}.Release|Any CPU.ActiveCfg = Release|Any CPU
		{82CB6827-2196-421F-BCE9-C68F2B4ED762}.Release|Any CPU.Build.0 = Release|Any CPU
		{82CB6827-2196-421F-BCE9-C68F2B4ED762}.Release|x64.ActiveCfg = Release|Any CPU
		{82CB6827-2196-421F-BCE9-C68F2B4ED762}.Release|x64.Build.0 = Release|Any CPU
		{82CB6827-2196-421F-BCE9-C68F2B4ED762}.Release|x86.ActiveCfg = Release|Any CPU
		{82CB6827-2196-421F-BCE9-C68F2B4ED762}.Release|x86.Build.0 = Release|Any CPU
		{076DEADE-3954-4856-818D-21184FE64794}.Debug|Any CPU.ActiveCfg = Debug|Any CPU
		{076DEADE-3954-4856-818D-21184FE64794}.Debug|Any CPU.Build.0 = Debug|Any CPU
		{076DEADE-3954-4856-818D-21184FE64794}.Debug|x64.ActiveCfg = Debug|Any CPU
		{076DEADE-3954-4856-818D-21184FE64794}.Debug|x64.Build.0 = Debug|Any CPU
		{076DEADE-3954-4856-818D-21184FE64794}.Debug|x86.ActiveCfg = Debug|Any CPU
		{076DEADE-3954-4856-818D-21184FE64794}.Debug|x86.Build.0 = Debug|Any CPU
		{076DEADE-3954-4856-818D-21184FE64794}.Release|Any CPU.ActiveCfg = Release|Any CPU
		{076DEADE-3954-4856-818D-21184FE64794}.Release|Any CPU.Build.0 = Release|Any CPU
		{076DEADE-3954-4856-818D-21184FE64794}.Release|x64.ActiveCfg = Release|Any CPU
		{076DEADE-3954-4856-818D-21184FE64794}.Release|x64.Build.0 = Release|Any CPU
		{076DEADE-3954-4856-818D-21184FE64794}.Release|x86.ActiveCfg = Release|Any CPU
		{076DEADE-3954-4856-818D-21184FE64794}.Release|x86.Build.0 = Release|Any CPU
		{E9E353F8-C5CE-4355-81B8-D8625BF9B6A6}.Debug|Any CPU.ActiveCfg = Debug|Any CPU
		{E9E353F8-C5CE-4355-81B8-D8625BF9B6A6}.Debug|Any CPU.Build.0 = Debug|Any CPU
		{E9E353F8-C5CE-4355-81B8-D8625BF9B6A6}.Debug|x64.ActiveCfg = Debug|Any CPU
		{E9E353F8-C5CE-4355-81B8-D8625BF9B6A6}.Debug|x64.Build.0 = Debug|Any CPU
		{E9E353F8-C5CE-4355-81B8-D8625BF9B6A6}.Debug|x86.ActiveCfg = Debug|Any CPU
		{E9E353F8-C5CE-4355-81B8-D8625BF9B6A6}.Debug|x86.Build.0 = Debug|Any CPU
		{E9E353F8-C5CE-4355-81B8-D8625BF9B6A6}.Release|Any CPU.ActiveCfg = Release|Any CPU
		{E9E353F8-C5CE-4355-81B8-D8625BF9B6A6}.Release|Any CPU.Build.0 = Release|Any CPU
		{E9E353F8-C5CE-4355-81B8-D8625BF9B6A6}.Release|x64.ActiveCfg = Release|Any CPU
		{E9E353F8-C5CE-4355-81B8-D8625BF9B6A6}.Release|x64.Build.0 = Release|Any CPU
		{E9E353F8-C5CE-4355-81B8-D8625BF9B6A6}.Release|x86.ActiveCfg = Release|Any CPU
		{E9E353F8-C5CE-4355-81B8-D8625BF9B6A6}.Release|x86.Build.0 = Release|Any CPU
		{D87F42CC-EF58-4573-B87C-E632E2AB6D01}.Debug|Any CPU.ActiveCfg = Debug|Any CPU
		{D87F42CC-EF58-4573-B87C-E632E2AB6D01}.Debug|Any CPU.Build.0 = Debug|Any CPU
		{D87F42CC-EF58-4573-B87C-E632E2AB6D01}.Debug|x64.ActiveCfg = Debug|Any CPU
		{D87F42CC-EF58-4573-B87C-E632E2AB6D01}.Debug|x64.Build.0 = Debug|Any CPU
		{D87F42CC-EF58-4573-B87C-E632E2AB6D01}.Debug|x86.ActiveCfg = Debug|Any CPU
		{D87F42CC-EF58-4573-B87C-E632E2AB6D01}.Debug|x86.Build.0 = Debug|Any CPU
		{D87F42CC-EF58-4573-B87C-E632E2AB6D01}.Release|Any CPU.ActiveCfg = Release|Any CPU
		{D87F42CC-EF58-4573-B87C-E632E2AB6D01}.Release|Any CPU.Build.0 = Release|Any CPU
		{D87F42CC-EF58-4573-B87C-E632E2AB6D01}.Release|x64.ActiveCfg = Release|Any CPU
		{D87F42CC-EF58-4573-B87C-E632E2AB6D01}.Release|x64.Build.0 = Release|Any CPU
		{D87F42CC-EF58-4573-B87C-E632E2AB6D01}.Release|x86.ActiveCfg = Release|Any CPU
		{D87F42CC-EF58-4573-B87C-E632E2AB6D01}.Release|x86.Build.0 = Release|Any CPU
	EndGlobalSection
	GlobalSection(NestedProjects) = preSolution
		{CBF2D11F-A17A-4CEB-881F-FBBF405ED919} = {75D6BC2C-120C-46E4-BBDB-47531E92C4D9}
		{82CB6827-2196-421F-BCE9-C68F2B4ED762} = {75D6BC2C-120C-46E4-BBDB-47531E92C4D9}
		{D87F42CC-EF58-4573-B87C-E632E2AB6D01} = {75D6BC2C-120C-46E4-BBDB-47531E92C4D9}
	EndGlobalSection
EndGlobal
